<Solution>
  <Configurations>
    <Platform Name="ARM64" />
    <Platform Name="x64" />
    <Platform Name="x86" />
  </Configurations>
  <Folder Name="/client/" />
  <Folder Name="/client/Core/">
    <Project Path="client/Core/LightingProxy.Core.Client/LightingProxy.Core.Client.csproj" Id="d2a9a687-e819-45e6-ad7f-8a6a23440df5" />
    <Project Path="client/Core/LightingProxy.Core.Server/LightingProxy.Core.Server.csproj" Id="d6d3bf4c-23eb-4eeb-94a2-d0c6c5c8f5f6" />
  </Folder>
  <Folder Name="/client/Mobile/">
    <Project Path="client/Mobile/LightingProxy.Mobile.Client/LightingProxy.Mobile.Client.csproj" Id="8e985793-56e8-407c-a140-b376aea73fae" />
  </Folder>
  <Folder Name="/client/Web/">
    <Project Path="client/LightingProxy.Web.Server/LightingProxy.Web.Server.csproj" Id="feb83bc3-6991-4ebf-bf78-7caefe0b6a01" />
    <Project Path="client/Web/LightingProxy.Web.Client/LightingProxy.Web.Client.csproj" Id="dc05e52d-a763-4e69-8285-2cd838c676d7" />
  </Folder>
  <Folder Name="/client/Windows/">
    <Project Path="client/Windows/LightingProxy.Windows.Client/LightingProxy.Windows.Client.csproj" Id="4ddfe861-7571-47fa-a0d7-4335bf5b09f1">
      <Platform Solution="*|ARM64" Project="ARM64" />
      <Platform Solution="*|x64" Project="x64" />
      <Platform Solution="*|x86" Project="x86" />
      <Deploy />
    </Project>
    <Project Path="client/Windows/LightingProxy.Windows.Server/LightingProxy.Windows.Server.csproj" Id="9f90a762-8058-4772-9b73-82ca8e367d5f">
      <Platform Solution="*|ARM64" Project="ARM64" />
      <Platform Solution="*|x64" Project="x64" />
      <Platform Solution="*|x86" Project="x86" />
      <Deploy />
    </Project>
  </Folder>
  <Folder Name="/src/" />
  <Folder Name="/test/" />
</Solution>
